
Microsoft Visual Studio Solution File, Format Version 12.00
# Visual Studio 15
VisualStudioVersion = 15.0.28307.329
MinimumVisualStudioVersion = 10.0.40219.1
Project("{FAE04EC0-301F-11D3-BF4B-00C04F79EFBC}") = "LiftsCalculator", "LiftsCalculator\LiftsCalculator.csproj", "{B22CAD20-5567-4D51-ADF8-035CD73F1985}"
EndProject
Global
	GlobalSection(SolutionConfigurationPlatforms) = preSolution
		Debug|Any CPU = Debug|Any CPU
		Release|Any CPU = Release|Any CPU
	EndGlobalSection
	GlobalSection(ProjectConfigurationPlatforms) = postSolution
		{B22CAD20-5567-4D51-ADF8-035CD73F1985}.Debug|Any CPU.ActiveCfg = Debug|Any CPU
		{B22CAD20-5567-4D51-ADF8-035CD73F1985}.Debug|Any CPU.Build.0 = Debug|Any CPU
		{B22CAD20-5567-4D51-ADF8-035CD73F1985}.Release|Any CPU.ActiveCfg = Release|Any CPU
		{B22CAD20-5567-4D51-ADF8-035CD73F1985}.Release|Any CPU.Build.0 = Release|Any CPU
	EndGlobalSection
	GlobalSection(SolutionProperties) = preSolution
		HideSolutionNode = FALSE
	EndGlobalSection
	GlobalSection(ExtensibilityGlobals) = postSolution
		SolutionGuid = {1E313266-C08C-44EC-AF27-D82F573F223C}
	EndGlobalSection
EndGlobal
